
Microsoft Visual Studio Solution File, Format Version 12.00
# Visual Studio Version 16
VisualStudioVersion = 16.0.30711.63
MinimumVisualStudioVersion = 10.0.40219.1
Project("{FAE04EC0-301F-11D3-BF4B-00C04F79EFBC}") = "PSW-ClinicSystem", "PSW-ClinicSystem\PSW-ClinicSystem.csproj", "{7D90CABC-B0C9-499B-83B5-EB926687E611}"
EndProject
Global
	GlobalSection(SolutionConfigurationPlatforms) = preSolution
		Debug|Any CPU = Debug|Any CPU
		Release|Any CPU = Release|Any CPU
	EndGlobalSection
	GlobalSection(ProjectConfigurationPlatforms) = postSolution
		{7D90CABC-B0C9-499B-83B5-EB926687E611}.Debug|Any CPU.ActiveCfg = Debug|Any CPU
		{7D90CABC-B0C9-499B-83B5-EB926687E611}.Debug|Any CPU.Build.0 = Debug|Any CPU
		{7D90CABC-B0C9-499B-83B5-EB926687E611}.Release|Any CPU.ActiveCfg = Release|Any CPU
		{7D90CABC-B0C9-499B-83B5-EB926687E611}.Release|Any CPU.Build.0 = Release|Any CPU
	EndGlobalSection
	GlobalSection(SolutionProperties) = preSolution
		HideSolutionNode = FALSE
	EndGlobalSection
	GlobalSection(ExtensibilityGlobals) = postSolution
		SolutionGuid = {8CF5D0CC-263D-41C8-890D-109BA8C975E1}
	EndGlobalSection
EndGlobal
